
Microsoft Visual Studio Solution File, Format Version 12.00
# Visual Studio Version 17
VisualStudioVersion = 17.9.34728.123
MinimumVisualStudioVersion = 10.0.40219.1
Project("{9A19103F-16F7-4668-BE54-9A1E7A4F7556}") = "Queue Manager Server", "Queue Manager Server\Queue Manager Server.csproj", "{9A6A6004-DC4D-4F3A-9CD7-AA263FDC8836}"
EndProject
Project("{FAE04EC0-301F-11D3-BF4B-00C04F79EFBC}") = "Queue_manager_models", "Queue_manager_models\Queue_manager_models.csproj", "{DA88DFD5-4BE3-42D8-8D86-45E1B662C445}"
EndProject
Global
	GlobalSection(SolutionConfigurationPlatforms) = preSolution
		Debug|Any CPU = Debug|Any CPU
		Release|Any CPU = Release|Any CPU
	EndGlobalSection
	GlobalSection(ProjectConfigurationPlatforms) = postSolution
		{9A6A6004-DC4D-4F3A-9CD7-AA263FDC8836}.Debug|Any CPU.ActiveCfg = Debug|Any CPU
		{9A6A6004-DC4D-4F3A-9CD7-AA263FDC8836}.Debug|Any CPU.Build.0 = Debug|Any CPU
		{9A6A6004-DC4D-4F3A-9CD7-AA263FDC8836}.Release|Any CPU.ActiveCfg = Release|Any CPU
		{9A6A6004-DC4D-4F3A-9CD7-AA263FDC8836}.Release|Any CPU.Build.0 = Release|Any CPU
		{DA88DFD5-4BE3-42D8-8D86-45E1B662C445}.Debug|Any CPU.ActiveCfg = Debug|Any CPU
		{DA88DFD5-4BE3-42D8-8D86-45E1B662C445}.Debug|Any CPU.Build.0 = Debug|Any CPU
		{DA88DFD5-4BE3-42D8-8D86-45E1B662C445}.Release|Any CPU.ActiveCfg = Release|Any CPU
		{DA88DFD5-4BE3-42D8-8D86-45E1B662C445}.Release|Any CPU.Build.0 = Release|Any CPU
	EndGlobalSection
	GlobalSection(SolutionProperties) = preSolution
		HideSolutionNode = FALSE
	EndGlobalSection
	GlobalSection(ExtensibilityGlobals) = postSolution
		SolutionGuid = {931B968C-AB34-4561-B874-7449C8427D07}
	EndGlobalSection
EndGlobal
